{
  "name": "irydium-site",
  "version": "0.0.4",
  "lockfileVersion": 1,
  "requires": true,
  "dependencies": {
    "@irydium/compiler": {
      "version": "file:../compiler",
      "requires": {
        "cross-fetch": "^3.0.6",
        "front-matter": "^4.0.2",
        "js-yaml": "^4.0.0",
        "mdsvex": "^0.9.7",
        "mustache": "^4.0.1",
        "rollup": "^2.33.3",
        "svelte": "^3.30.0",
        "unist-util-visit": "^2.0.3",
        "vfile-message": "^2.0.4"
      },
      "dependencies": {
        "@types/unist": {
          "version": "2.0.3",
          "resolved": "https://registry.npmjs.org/@types/unist/-/unist-2.0.3.tgz",
          "integrity": "sha512-FvUupuM3rlRsRtCN+fDudtmytGO6iHJuuRKS1Ss0pG5z8oX0diNEw94UEL7hgDbpN94rgaK5R7sWm6RrSkZuAQ=="
        },
        "argparse": {
          "version": "1.0.10",
          "resolved": "https://registry.npmjs.org/argparse/-/argparse-1.0.10.tgz",
          "integrity": "sha512-o5Roy6tNG4SL/FOkCAN6RzjiakZS25RLYFrcMttJqbdd8BWrnA+fGz57iN5Pb06pvBGvl5gQ0B48dJlslXvoTg==",
          "requires": {
            "sprintf-js": "~1.0.2"
          }
        },
        "clipboard": {
          "version": "2.0.8",
          "resolved": "https://registry.npmjs.org/clipboard/-/clipboard-2.0.8.tgz",
          "integrity": "sha512-Y6WO0unAIQp5bLmk1zdThRhgJt/x3ks6f30s3oE3H1mgIEU33XyQjEf8gsf6DxC7NPX8Y1SsNWjUjL/ywLnnbQ==",
          "optional": true,
          "requires": {
            "good-listener": "^1.2.2",
            "select": "^1.1.2",
            "tiny-emitter": "^2.0.0"
          }
        },
        "cross-fetch": {
          "version": "3.1.4",
          "resolved": "https://registry.npmjs.org/cross-fetch/-/cross-fetch-3.1.4.tgz",
          "integrity": "sha512-1eAtFWdIubi6T4XPy6ei9iUFoKpUkIF971QLN8lIvvvwueI65+Nw5haMNKUwfJxabqlIIDODJKGrQ66gxC0PbQ==",
          "requires": {
            "node-fetch": "2.6.1"
          }
        },
        "delegate": {
          "version": "3.2.0",
          "resolved": "https://registry.npmjs.org/delegate/-/delegate-3.2.0.tgz",
          "integrity": "sha512-IofjkYBZaZivn0V8nnsMJGBr4jVLxHDheKSW88PyxS5QC4Vo9ZbZVvhzlSxY87fVq3STR6r+4cGepyHkcWOQSw==",
          "optional": true
        },
        "esprima": {
          "version": "4.0.1",
          "resolved": "https://registry.npmjs.org/esprima/-/esprima-4.0.1.tgz",
          "integrity": "sha512-eGuFFw7Upda+g4p+QHvnW0RyTX/SVeJBDM/gCtMARO0cLuT2HcEKnTPvhjV6aGeqrCB/sbNop0Kszm0jsaWU4A=="
        },
        "front-matter": {
          "version": "4.0.2",
          "resolved": "https://registry.npmjs.org/front-matter/-/front-matter-4.0.2.tgz",
          "integrity": "sha512-I8ZuJ/qG92NWX8i5x1Y8qyj3vizhXS31OxjKDu3LKP+7/qBgfIKValiZIEwoVoJKUHlhWtYrktkxV1XsX+pPlg==",
          "requires": {
            "js-yaml": "^3.13.1"
          },
          "dependencies": {
            "js-yaml": {
              "version": "3.14.1",
              "resolved": "https://registry.npmjs.org/js-yaml/-/js-yaml-3.14.1.tgz",
              "integrity": "sha512-okMH7OXXJ7YrN9Ok3/SXrnu4iX9yOk+25nqX4imS2npuvTYDmo/QEZoqwZkYaIDk3jVvBOTOIEgEhaLOynBS9g==",
              "requires": {
                "argparse": "^1.0.7",
                "esprima": "^4.0.0"
              }
            }
          }
        },
        "fsevents": {
          "version": "2.3.2",
          "resolved": "https://registry.npmjs.org/fsevents/-/fsevents-2.3.2.tgz",
          "integrity": "sha512-xiqMQR4xAeHTuB9uWm+fFRcIOgKBMiOBP+eXiyT7jsgVCq1bkVygt00oASowB7EdtpOHaaPgKt812P9ab+DDKA==",
          "optional": true
        },
        "good-listener": {
          "version": "1.2.2",
          "resolved": "https://registry.npmjs.org/good-listener/-/good-listener-1.2.2.tgz",
          "integrity": "sha1-1TswzfkxPf+33JoNR3CWqm0UXFA=",
          "optional": true,
          "requires": {
            "delegate": "^3.1.2"
          }
        },
        "js-yaml": {
          "version": "4.1.0",
          "resolved": "https://registry.npmjs.org/js-yaml/-/js-yaml-4.1.0.tgz",
          "integrity": "sha512-wpxZs9NoxZaJESJGIZTyDEaYpl0FKSA+FB9aJiyemKhMwkxQg63h4T1KJgUGHpTqPDNRcmmYLugrRjJlBtWvRA==",
          "requires": {
            "argparse": "^2.0.1"
          },
          "dependencies": {
            "argparse": {
              "version": "2.0.1",
              "resolved": "https://registry.npmjs.org/argparse/-/argparse-2.0.1.tgz",
              "integrity": "sha512-8+9WqebbFzpX9OR+Wa6O29asIogeRMzcGtAINdpMHHyAg10f05aSFVBbcEqGf/PXw1EjAZ+q2/bEBg3DvurK3Q=="
            }
          }
        },
        "mdsvex": {
          "version": "0.9.7",
          "resolved": "https://registry.npmjs.org/mdsvex/-/mdsvex-0.9.7.tgz",
          "integrity": "sha512-oeyqfxOsGC2km90F2BYKZ+XqOhDoMs6ARuYn49Wq3ULxoo7Wjevm6usLrDFuDL2yodCcKwtjjy+9FglWRmpzKg==",
          "requires": {
            "@types/unist": "^2.0.3",
            "prism-svelte": "^0.4.7",
            "prismjs": "^1.17.1",
            "vfile-message": "^2.0.4"
          }
        },
        "mustache": {
          "version": "4.2.0",
          "resolved": "https://registry.npmjs.org/mustache/-/mustache-4.2.0.tgz",
          "integrity": "sha512-71ippSywq5Yb7/tVYyGbkBggbU8H3u5Rz56fH60jGFgr8uHwxs+aSKeqmluIVzM0m0kB7xQjKS6qPfd0b2ZoqQ=="
        },
        "node-fetch": {
          "version": "2.6.1",
          "resolved": "https://registry.npmjs.org/node-fetch/-/node-fetch-2.6.1.tgz",
          "integrity": "sha512-V4aYg89jEoVRxRb2fJdAg8FHvI7cEyYdVAh94HH0UIK8oJxUfkjlDQN9RbMx+bEjP7+ggMiFRprSti032Oipxw=="
        },
        "prism-svelte": {
          "version": "0.4.7",
          "resolved": "https://registry.npmjs.org/prism-svelte/-/prism-svelte-0.4.7.tgz",
          "integrity": "sha512-yABh19CYbM24V7aS7TuPYRNMqthxwbvx6FF/Rw920YbyBWO3tnyPIqRMgHuSVsLmuHkkBS1Akyof463FVdkeDQ=="
        },
        "prismjs": {
          "version": "1.23.0",
          "resolved": "https://registry.npmjs.org/prismjs/-/prismjs-1.23.0.tgz",
          "integrity": "sha512-c29LVsqOaLbBHuIbsTxaKENh1N2EQBOHaWv7gkHN4dgRbxSREqDnDbtFJYdpPauS4YCplMSNCABQ6Eeor69bAA==",
          "requires": {
            "clipboard": "^2.0.0"
          }
        },
        "rollup": {
          "version": "2.51.2",
          "resolved": "https://registry.npmjs.org/rollup/-/rollup-2.51.2.tgz",
          "integrity": "sha512-ReV2eGEadA7hmXSzjxdDKs10neqH2QURf2RxJ6ayAlq93ugy6qIvXMmbc5cWMGCDh1h5T4thuWO1e2VNbMq8FA==",
          "requires": {
            "fsevents": "~2.3.1"
          }
        },
        "select": {
          "version": "1.1.2",
          "resolved": "https://registry.npmjs.org/select/-/select-1.1.2.tgz",
          "integrity": "sha1-DnNQrN7ICxEIUoeG7B1EGNEbOW0=",
          "optional": true
        },
        "sprintf-js": {
          "version": "1.0.3",
          "resolved": "https://registry.npmjs.org/sprintf-js/-/sprintf-js-1.0.3.tgz",
          "integrity": "sha1-BOaSb2YolTVPPdAVIDYzuFcpfiw="
        },
        "svelte": {
          "version": "3.38.2",
          "resolved": "https://registry.npmjs.org/svelte/-/svelte-3.38.2.tgz",
          "integrity": "sha512-q5Dq0/QHh4BLJyEVWGe7Cej5NWs040LWjMbicBGZ+3qpFWJ1YObRmUDZKbbovddLC9WW7THTj3kYbTOFmU9fbg=="
        },
        "tiny-emitter": {
          "version": "2.1.0",
          "resolved": "https://registry.npmjs.org/tiny-emitter/-/tiny-emitter-2.1.0.tgz",
          "integrity": "sha512-NB6Dk1A9xgQPMoGqC5CVXn123gWyte215ONT5Pp5a0yt4nlEoO1ZWeCwpncaekPHXO60i47ihFnZPiRPjRMq4Q==",
          "optional": true
        },
        "unist-util-is": {
          "version": "4.1.0",
          "resolved": "https://registry.npmjs.org/unist-util-is/-/unist-util-is-4.1.0.tgz",
          "integrity": "sha512-ZOQSsnce92GrxSqlnEEseX0gi7GH9zTJZ0p9dtu87WRb/37mMPO2Ilx1s/t9vBHrFhbgweUwb+t7cIn5dxPhZg=="
        },
        "unist-util-stringify-position": {
          "version": "2.0.3",
          "resolved": "https://registry.npmjs.org/unist-util-stringify-position/-/unist-util-stringify-position-2.0.3.tgz",
          "integrity": "sha512-3faScn5I+hy9VleOq/qNbAd6pAx7iH5jYBMS9I1HgQVijz/4mv5Bvw5iw1sC/90CODiKo81G/ps8AJrISn687g==",
          "requires": {
            "@types/unist": "^2.0.2"
          }
        },
        "unist-util-visit": {
          "version": "2.0.3",
          "resolved": "https://registry.npmjs.org/unist-util-visit/-/unist-util-visit-2.0.3.tgz",
          "integrity": "sha512-iJ4/RczbJMkD0712mGktuGpm/U4By4FfDonL7N/9tATGIF4imikjOuagyMY53tnZq3NP6BcmlrHhEKAfGWjh7Q==",
          "requires": {
            "@types/unist": "^2.0.0",
            "unist-util-is": "^4.0.0",
            "unist-util-visit-parents": "^3.0.0"
          }
        },
        "unist-util-visit-parents": {
          "version": "3.1.1",
          "resolved": "https://registry.npmjs.org/unist-util-visit-parents/-/unist-util-visit-parents-3.1.1.tgz",
          "integrity": "sha512-1KROIZWo6bcMrZEwiH2UrXDyalAa0uqzWCxCJj6lPOvTve2WkfgCytoDTPaMnodXh1WrXOq0haVYHj99ynJlsg==",
          "requires": {
            "@types/unist": "^2.0.0",
            "unist-util-is": "^4.0.0"
          }
        },
        "vfile-message": {
          "version": "2.0.4",
          "resolved": "https://registry.npmjs.org/vfile-message/-/vfile-message-2.0.4.tgz",
          "integrity": "sha512-DjssxRGkMvifUOJre00juHoP9DPWuzjxKuMDrhNbk2TdaYYBNMStsNhEOt3idrtI12VQYM/1+iM0KOzXi4pxwQ==",
          "requires": {
            "@types/unist": "^2.0.0",
            "unist-util-stringify-position": "^2.0.0"
          }
        }
      }
    }
  }
}
